
Microsoft Visual Studio Solution File, Format Version 12.00
# Visual Studio Version 17
VisualStudioVersion = 17.0.31903.59
MinimumVisualStudioVersion = 10.0.40219.1
Project("{9A19103F-16F7-4668-BE54-9A1E7A4F7556}") = "JiaoMaCupScoreRecorder", "JiaoMaCupScoreRecorder\JiaoMaCupScoreRecorder.csproj", "{92A230C3-8D0F-4449-ADD4-CAA157A32633}"
EndProject
Global
	GlobalSection(SolutionConfigurationPlatforms) = preSolution
		Debug|Any CPU = Debug|Any CPU
		Release|Any CPU = Release|Any CPU
	EndGlobalSection
	GlobalSection(ProjectConfigurationPlatforms) = postSolution
		{92A230C3-8D0F-4449-ADD4-CAA157A32633}.Debug|Any CPU.ActiveCfg = Debug|Any CPU
		{92A230C3-8D0F-4449-ADD4-CAA157A32633}.Debug|Any CPU.Build.0 = Debug|Any CPU
		{92A230C3-8D0F-4449-ADD4-CAA157A32633}.Release|Any CPU.ActiveCfg = Release|Any CPU
		{92A230C3-8D0F-4449-ADD4-CAA157A32633}.Release|Any CPU.Build.0 = Release|Any CPU
	EndGlobalSection
	GlobalSection(SolutionProperties) = preSolution
		HideSolutionNode = FALSE
	EndGlobalSection
	GlobalSection(ExtensibilityGlobals) = postSolution
		SolutionGuid = {7BC126CB-8975-41A0-BFA8-1C669CA0A671}
	EndGlobalSection
EndGlobal
